
Microsoft Visual Studio Solution File, Format Version 12.00
# Visual Studio Version 17
VisualStudioVersion = 17.5.33424.131
MinimumVisualStudioVersion = 10.0.40219.1
Project("{FAE04EC0-301F-11D3-BF4B-00C04F79EFBC}") = "Selenium", "Selenium\Selenium.csproj", "{B9EE9771-7442-42BB-AD17-861AAB7D6C88}"
EndProject
Global
	GlobalSection(SolutionConfigurationPlatforms) = preSolution
		Debug|Any CPU = Debug|Any CPU
		Release|Any CPU = Release|Any CPU
	EndGlobalSection
	GlobalSection(ProjectConfigurationPlatforms) = postSolution
		{B9EE9771-7442-42BB-AD17-861AAB7D6C88}.Debug|Any CPU.ActiveCfg = Debug|Any CPU
		{B9EE9771-7442-42BB-AD17-861AAB7D6C88}.Debug|Any CPU.Build.0 = Debug|Any CPU
		{B9EE9771-7442-42BB-AD17-861AAB7D6C88}.Release|Any CPU.ActiveCfg = Release|Any CPU
		{B9EE9771-7442-42BB-AD17-861AAB7D6C88}.Release|Any CPU.Build.0 = Release|Any CPU
	EndGlobalSection
	GlobalSection(SolutionProperties) = preSolution
		HideSolutionNode = FALSE
	EndGlobalSection
	GlobalSection(ExtensibilityGlobals) = postSolution
		SolutionGuid = {849615F2-E46A-48C8-A05A-B7A081A68E5E}
	EndGlobalSection
EndGlobal
